<?xml version="1.0" encoding="utf-8"?>
<Project ToolsVersion="4.0" xmlns="http://schemas.microsoft.com/developer/msbuild/2003">
  <ItemGroup>
    <Filter Include="Source Files">
      <UniqueIdentifier>{4FC737F1-C7A5-4376-A066-2A32D752A2FF}</UniqueIdentifier>
      <Extensions>cpp;c;cc;cxx;def;odl;idl;hpj;bat;asm;asmx</Extensions>
    </Filter>
    <Filter Include="Header Files">
      <UniqueIdentifier>{93995380-89BD-4b04-88EB-625FBE52EBFB}</UniqueIdentifier>
      <Extensions>h;hh;hpp;hxx;hm;inl;inc;xsd</Extensions>
    </Filter>
    <Filter Include="Resource Files">
      <UniqueIdentifier>{67DA6AB6-F800-4c08-8B7A-83BB121AAD01}</UniqueIdentifier>
      <Extensions>rc;ico;cur;bmp;dlg;rc2;rct;bin;rgs;gif;jpg;jpeg;jpe;resx;tiff;tif;png;wav;mfcribbon-ms</Extensions>
    </Filter>
  </ItemGroup>
  <ItemGroup>
    <ClCompile Include="src\main.c">
      <Filter>Source Files</Filter>
    </ClCompile>
    <ClCompile Include="src\common\stack.c">
      <Filter>Source Files</Filter>
    </ClCompile>
    <ClCompile Include="src\dungeon\floor_function.c">
      <Filter>Source Files</Filter>
    </ClCompile>
    <ClCompile Include="src\common\rand_num.c">
      <Filter>Source Files</Filter>
    </ClCompile>
    <ClCompile Include="src\pokemon\database.c">
      <Filter>Source Files</Filter>
    </ClCompile>
    <ClCompile Include="src\audio\audio.c">
      <Filter>Source Files</Filter>
    </ClCompile>
    <ClCompile Include="src\screen\screen.c">
      <Filter>Source Files</Filter>
    </ClCompile>
    <ClCompile Include="src\pokemon\stats.c">
      <Filter>Source Files</Filter>
    </ClCompile>
    <ClCompile Include="src\common\queue.c">
      <Filter>Source Files</Filter>
    </ClCompile>
    <ClCompile Include="src\common\s_list.c">
      <Filter>Source Files</Filter>
    </ClCompile>
    <ClCompile Include="src\common\d_list.c">
      <Filter>Source Files</Filter>
    </ClCompile>
    <ClCompile Include="src\dungeon\dungeon_gen.c">
      <Filter>Source Files</Filter>
    </ClCompile>
    <ClCompile Include="src\dungeon\dungeon_state.c">
      <Filter>Source Files</Filter>
    </ClCompile>
    <ClCompile Include="src\game_common\health_manager.c">
      <Filter>Source Files</Filter>
    </ClCompile>
    <ClCompile Include="src\game_common\hunger_manager.c">
      <Filter>Source Files</Filter>
    </ClCompile>
    <ClCompile Include="src\game_common\item_manager.c">
      <Filter>Source Files</Filter>
    </ClCompile>
    <ClCompile Include="src\game_common\move_manager.c">
      <Filter>Source Files</Filter>
    </ClCompile>
    <ClCompile Include="src\dungeon\dungeon_gen.c">
      <Filter>Source Files</Filter>
    </ClCompile>
  </ItemGroup>
  <ItemGroup>
    <ClInclude Include="inc\util.h">
      <Filter>Header Files</Filter>
    </ClInclude>
    <ClInclude Include="inc\dungeon\floor_function.h">
      <Filter>Header Files</Filter>
    </ClInclude>
    <ClInclude Include="inc\pokemon\database.h">
      <Filter>Header Files</Filter>
    </ClInclude>
    <ClInclude Include="inc\dungeon\dungeon_gen.h">
      <Filter>Header Files</Filter>
    </ClInclude>
    <ClInclude Include="inc\common\rand_num.h">
      <Filter>Header Files</Filter>
    </ClInclude>
    <ClInclude Include="inc\screen\screen.h">
      <Filter>Header Files</Filter>
    </ClInclude>
    <ClInclude Include="inc\common\stack.h">
      <Filter>Header Files</Filter>
    </ClInclude>
    <ClInclude Include="inc\pokemon\stats.h">
      <Filter>Header Files</Filter>
    </ClInclude>
    <ClInclude Include="inc\common\queue.h">
      <Filter>Header Files</Filter>
    </ClInclude>
    <ClInclude Include="inc\common\d_list.h">
      <Filter>Header Files</Filter>
    </ClInclude>
    <ClInclude Include="inc\common\s_list.h">
      <Filter>Header Files</Filter>
    </ClInclude>
    <ClInclude Include="inc\dungeon\dungeon_state.h">
      <Filter>Header Files</Filter>
    </ClInclude>
    <ClInclude Include="inc\game_common\health_manager.h">
      <Filter>Header Files</Filter>
    </ClInclude>
    <ClInclude Include="inc\game_common\hunger_manager.h">
      <Filter>Header Files</Filter>
    </ClInclude>
    <ClInclude Include="inc\game_common\item_manager.h">
      <Filter>Header Files</Filter>
    </ClInclude>
    <ClInclude Include="inc\game_common\move_manager.h">
      <Filter>Header Files</Filter>
    </ClInclude>
  </ItemGroup>
</Project>